// !$*UTF8*$!
{
	archiveVersion = 1;
	classes = {
	};
	objectVersion = 46;
	objects = {

/* Begin PBXBuildFile section */
		15C05A321E48843D00E8B5B0 /* AppDelegate.swift in Sources */ = {isa = PBXBuildFile; fileRef = 15C05A311E48843D00E8B5B0 /* AppDelegate.swift */; };
		15C05A341E48843D00E8B5B0 /* ViewController.swift in Sources */ = {isa = PBXBuildFile; fileRef = 15C05A331E48843D00E8B5B0 /* ViewController.swift */; };
		15C05A371E48843D00E8B5B0 /* Main.storyboard in Resources */ = {isa = PBXBuildFile; fileRef = 15C05A351E48843D00E8B5B0 /* Main.storyboard */; };
		15C05A391E48843D00E8B5B0 /* Assets.xcassets in Resources */ = {isa = PBXBuildFile; fileRef = 15C05A381E48843D00E8B5B0 /* Assets.xcassets */; };
		15C05A3C1E48843D00E8B5B0 /* LaunchScreen.storyboard in Resources */ = {isa = PBXBuildFile; fileRef = 15C05A3A1E48843D00E8B5B0 /* LaunchScreen.storyboard */; };
		15C05A441E48966800E8B5B0 /* StructsEnums.swift in Sources */ = {isa = PBXBuildFile; fileRef = 15C05A431E48966800E8B5B0 /* StructsEnums.swift */; };
/* End PBXBuildFile section */

/* Begin PBXFileReference section */
		15C05A2E1E48843D00E8B5B0 /* SwiftCalculator.app */ = {isa = PBXFileReference; explicitFileType = wrapper.application; includeInIndex = 0; path = SwiftCalculator.app; sourceTree = BUILT_PRODUCTS_DIR; };
		15C05A311E48843D00E8B5B0 /* AppDelegate.swift */ = {isa = PBXFileReference; lastKnownFileType = sourcecode.swift; path = AppDelegate.swift; sourceTree = "<group>"; };
		15C05A331E48843D00E8B5B0 /* ViewController.swift */ = {isa = PBXFileReference; lastKnownFileType = sourcecode.swift; path = ViewController.swift; sourceTree = "<group>"; };
		15C05A361E48843D00E8B5B0 /* Base */ = {isa = PBXFileReference; lastKnownFileType = file.storyboard; name = Base; path = Base.lproj/Main.storyboard; sourceTree = "<group>"; };
		15C05A381E48843D00E8B5B0 /* Assets.xcassets */ = {isa = PBXFileReference; lastKnownFileType = folder.assetcatalog; path = Assets.xcassets; sourceTree = "<group>"; };
		15C05A3B1E48843D00E8B5B0 /* Base */ = {isa = PBXFileReference; lastKnownFileType = file.storyboard; name = Base; path = Base.lproj/LaunchScreen.storyboard; sourceTree = "<group>"; };
		15C05A3D1E48843D00E8B5B0 /* Info.plist */ = {isa = PBXFileReference; lastKnownFileType = text.plist.xml; path = Info.plist; sourceTree = "<group>"; };
		15C05A431E48966800E8B5B0 /* StructsEnums.swift */ = {isa = PBXFileReference; fileEncoding = 4; lastKnownFileType = sourcecode.swift; path = StructsEnums.swift; sourceTree = "<group>"; };
/* End PBXFileReference section */

/* Begin PBXFrameworksBuildPhase section */
		15C05A2B1E48843D00E8B5B0 /* Frameworks */ = {
			isa = PBXFrameworksBuildPhase;
			buildActionMask = 2147483647;
			files = (
			);
			runOnlyForDeploymentPostprocessing = 0;
		};
/* End PBXFrameworksBuildPhase section */

/* Begin PBXGroup section */
		15C05A251E48843D00E8B5B0 = {
			isa = PBXGroup;
			children = (
				15C05A301E48843D00E8B5B0 /* SwiftCalculator */,
				15C05A2F1E48843D00E8B5B0 /* Products */,
			);
			sourceTree = "<group>";
		};
		15C05A2F1E48843D00E8B5B0 /* Products */ = {
			isa = PBXGroup;
			children = (
				15C05A2E1E48843D00E8B5B0 /* SwiftCalculator.app */,
			);
			name = Products;
			sourceTree = "<group>";
		};
		15C05A301E48843D00E8B5B0 /* SwiftCalculator */ = {
			isa = PBXGroup;
			children = (
				15C05A311E48843D00E8B5B0 /* AppDelegate.swift */,
				15C05A331E48843D00E8B5B0 /* ViewController.swift */,
				15C05A351E48843D00E8B5B0 /* Main.storyboard */,
				15C05A381E48843D00E8B5B0 /* Assets.xcassets */,
				15C05A3A1E48843D00E8B5B0 /* LaunchScreen.storyboard */,
				15C05A3D1E48843D00E8B5B0 /* Info.plist */,
				15C05A431E48966800E8B5B0 /* StructsEnums.swift */,
			);
			path = SwiftCalculator;
			sourceTree = "<group>";
		};
/* End PBXGroup section */

/* Begin PBXNativeTarget section */
		15C05A2D1E48843D00E8B5B0 /* SwiftCalculator */ = {
			isa = PBXNativeTarget;
			buildConfigurationList = 15C05A401E48843D00E8B5B0 /* Build configuration list for PBXNativeTarget "SwiftCalculator" */;
			buildPhases = (
				15C05A2A1E48843D00E8B5B0 /* Sources */,
				15C05A2B1E48843D00E8B5B0 /* Frameworks */,
				15C05A2C1E48843D00E8B5B0 /* Resources */,
			);
			buildRules = (
			);
			dependencies = (
			);
			name = SwiftCalculator;
			productName = SwiftCalculator;
			productReference = 15C05A2E1E48843D00E8B5B0 /* SwiftCalculator.app */;
			productType = "com.apple.product-type.application";
		};
/* End PBXNativeTarget section */

/* Begin PBXProject section */
		15C05A261E48843D00E8B5B0 /* Project object */ = {
			isa = PBXProject;
			attributes = {
				LastSwiftUpdateCheck = 0820;
				LastUpgradeCheck = 0820;
				ORGANIZATIONNAME = "Dragos Neagu";
				TargetAttributes = {
					15C05A2D1E48843D00E8B5B0 = {
						CreatedOnToolsVersion = 8.2.1;
						DevelopmentTeam = PUQNUHAQ5J;
						ProvisioningStyle = Automatic;
					};
				};
			};
			buildConfigurationList = 15C05A291E48843D00E8B5B0 /* Build configuration list for PBXProject "SwiftCalculator" */;
			compatibilityVersion = "Xcode 3.2";
			developmentRegion = English;
			hasScannedForEncodings = 0;
			knownRegions = (
				en,
				Base,
			);
			mainGroup = 15C05A251E48843D00E8B5B0;
			productRefGroup = 15C05A2F1E48843D00E8B5B0 /* Products */;
			projectDirPath = "";
			projectRoot = "";
			targets = (
				15C05A2D1E48843D00E8B5B0 /* SwiftCalculator */,
			);
		};
/* End PBXProject section */

/* Begin PBXResourcesBuildPhase section */
		15C05A2C1E48843D00E8B5B0 /* Resources */ = {
			isa = PBXResourcesBuildPhase;
			buildActionMask = 2147483647;
			files = (
				15C05A3C1E48843D00E8B5B0 /* LaunchScreen.storyboard in Resources */,
				15C05A391E48843D00E8B5B0 /* Assets.xcassets in Resources */,
				15C05A371E48843D00E8B5B0 /* Main.storyboard in Resources */,
			);
			runOnlyForDeploymentPostprocessing = 0;
		};
/* End PBXResourcesBuildPhase section */

/* Begin PBXSourcesBuildPhase section */
		15C05A2A1E48843D00E8B5B0 /* Sources */ = {
			isa = PBXSourcesBuildPhase;
			buildActionMask = 2147483647;
			files = (
				15C05A441E48966800E8B5B0 /* StructsEnums.swift in Sources */,
				15C05A341E48843D00E8B5B0 /* ViewController.swift in Sources */,
				15C05A321E48843D00E8B5B0 /* AppDelegate.swift in Sources */,
			);
			runOnlyForDeploymentPostprocessing = 0;
		};
/* End PBXSourcesBuildPhase section */

/* Begin PBXVariantGroup section */
		15C05A351E48843D00E8B5B0 /* Main.storyboard */ = {
			isa = PBXVariantGroup;
			children = (
				15C05A361E48843D00E8B5B0 /* Base */,
			);
			name = Main.storyboard;
			sourceTree = "<group>";
		};
		15C05A3A1E48843D00E8B5B0 /* LaunchScreen.storyboard */ = {
			isa = PBXVariantGroup;
			children = (
				15C05A3B1E48843D00E8B5B0 /* Base */,
			);
			name = LaunchScreen.storyboard;
			sourceTree = "<group>";
		};
/* End PBXVariantGroup section */

/* Begin XCBuildConfiguration section */
		15C05A3E1E48843D00E8B5B0 /* Debug */ = {
			isa = XCBuildConfiguration;
			buildSettings = {
				ALWAYS_SEARCH_USER_PATHS = NO;
				CLANG_ANALYZER_NONNULL = YES;
				CLANG_CXX_LANGUAGE_STANDARD = "gnu++0x";
				CLANG_CXX_LIBRARY = "libc++";
				CLANG_ENABLE_MODULES = YES;
				CLANG_ENABLE_OBJC_ARC = YES;
				CLANG_WARN_BOOL_CONVERSION = YES;
				CLANG_WARN_CONSTANT_CONVERSION = YES;
				CLANG_WARN_DIRECT_OBJC_ISA_USAGE = YES_ERROR;
				CLANG_WARN_DOCUMENTATION_COMMENTS = YES;
				CLANG_WARN_EMPTY_BODY = YES;
				CLANG_WARN_ENUM_CONVERSION = YES;
				CLANG_WARN_INFINITE_RECURSION = YES;
				CLANG_WARN_INT_CONVERSION = YES;
				CLANG_WARN_OBJC_ROOT_CLASS = YES_ERROR;
				CLANG_WARN_SUSPICIOUS_MOVE = YES;
				CLANG_WARN_UNREACHABLE_CODE = YES;
				CLANG_WARN__DUPLICATE_METHOD_MATCH = YES;
				"CODE_SIGN_IDENTITY[sdk=iphoneos*]" = "iPhone Developer";
				COPY_PHASE_STRIP = NO;
				DEBUG_INFORMATION_FORMAT = dwarf;
				ENABLE_STRICT_OBJC_MSGSEND = YES;
				ENABLE_TESTABILITY = YES;
				GCC_C_LANGUAGE_STANDARD = gnu99;
				GCC_DYNAMIC_NO_PIC = NO;
				GCC_NO_COMMON_BLOCKS = YES;
				GCC_OPTIMIZATION_LEVEL = 0;
				GCC_PREPROCESSOR_DEFINITIONS = (
					"DEBUG=1",
					"$(inherited)",
				);
				GCC_WARN_64_TO_32_BIT_CONVERSION = YES;
				GCC_WARN_ABOUT_RETURN_TYPE = YES_ERROR;
				GCC_WARN_UNDECLARED_SELECTOR = YES;
				GCC_WARN_UNINITIALIZED_AUTOS = YES_AGGRESSIVE;
				GCC_WARN_UNUSED_FUNCTION = YES;
				GCC_WARN_UNUSED_VARIABLE = YES;
				IPHONEOS_DEPLOYMENT_TARGET = 10.2;
				MTL_ENABLE_DEBUG_INFO = YES;
				ONLY_ACTIVE_ARCH = YES;
				SDKROOT = iphoneos;
				SWIFT_ACTIVE_COMPILATION_CONDITIONS = DEBUG;
				SWIFT_OPTIMIZATION_LEVEL = "-Onone";
				TARGETED_DEVICE_FAMILY = "1,2";
			};
			name = Debug;
		};
		15C05A3F1E48843D00E8B5B0 /* Release */ = {
			isa = XCBuildConfiguration;
			buildSettings = {
				ALWAYS_SEARCH_USER_PATHS = NO;
				CLANG_ANALYZER_NONNULL = YES;
				CLANG_CXX_LANGUAGE_STANDARD = "gnu++0x";
				CLANG_CXX_LIBRARY = "libc++";
				CLANG_ENABLE_MODULES = YES;
				CLANG_ENABLE_OBJC_ARC = YES;
				CLANG_WARN_BOOL_CONVERSION = YES;
				CLANG_WARN_CONSTANT_CONVERSION = YES;
				CLANG_WARN_DIRECT_OBJC_ISA_USAGE = YES_ERROR;
				CLANG_WARN_DOCUMENTATION_COMMENTS = YES;
				CLANG_WARN_EMPTY_BODY = YES;
				CLANG_WARN_ENUM_CONVERSION = YES;
				CLANG_WARN_INFINITE_RECURSION = YES;
				CLANG_WARN_INT_CONVERSION = YES;
				CLANG_WARN_OBJC_ROOT_CLASS = YES_ERROR;
				CLANG_WARN_SUSPICIOUS_MOVE = YES;
				CLANG_WARN_UNREACHABLE_CODE = YES;
				CLANG_WARN__DUPLICATE_METHOD_MATCH = YES;
				"CODE_SIGN_IDENTITY[sdk=iphoneos*]" = "iPhone Developer";
				COPY_PHASE_STRIP = NO;
				DEBUG_INFORMATION_FORMAT = "dwarf-with-dsym";
				ENABLE_NS_ASSERTIONS = NO;
				ENABLE_STRICT_OBJC_MSGSEND = YES;
				GCC_C_LANGUAGE_STANDARD = gnu99;
				GCC_NO_COMMON_BLOCKS = YES;
				GCC_WARN_64_TO_32_BIT_CONVERSION = YES;
				GCC_WARN_ABOUT_RETURN_TYPE = YES_ERROR;
				GCC_WARN_UNDECLARED_SELECTOR = YES;
				GCC_WARN_UNINITIALIZED_AUTOS = YES_AGGRESSIVE;
				GCC_WARN_UNUSED_FUNCTION = YES;
				GCC_WARN_UNUSED_VARIABLE = YES;
				IPHONEOS_DEPLOYMENT_TARGET = 10.2;
				MTL_ENABLE_DEBUG_INFO = NO;
				SDKROOT = iphoneos;
				SWIFT_OPTIMIZATION_LEVEL = "-Owholemodule";
				TARGETED_DEVICE_FAMILY = "1,2";
				VALIDATE_PRODUCT = YES;
			};
			name = Release;
		};
		15C05A411E48843D00E8B5B0 /* Debug */ = {
			isa = XCBuildConfiguration;
			buildSettings = {
				ASSETCATALOG_COMPILER_APPICON_NAME = AppIcon;
				DEVELOPMENT_TEAM = PUQNUHAQ5J;
				INFOPLIST_FILE = SwiftCalculator/Info.plist;
				LD_RUNPATH_SEARCH_PATHS = "$(inherited) @executable_path/Frameworks";
				PRODUCT_BUNDLE_IDENTIFIER = com.dragosneagu.com.SwiftCalculator;
				PRODUCT_NAME = "$(TARGET_NAME)";
				SWIFT_VERSION = 3.0;
			};
			name = Debug;
		};
		15C05A421E48843D00E8B5B0 /* Release */ = {
			isa = XCBuildConfiguration;
			buildSettings = {
				ASSETCATALOG_COMPILER_APPICON_NAME = AppIcon;
				DEVELOPMENT_TEAM = PUQNUHAQ5J;
				INFOPLIST_FILE = SwiftCalculator/Info.plist;
				LD_RUNPATH_SEARCH_PATHS = "$(inherited) @executable_path/Frameworks";
				PRODUCT_BUNDLE_IDENTIFIER = com.dragosneagu.com.SwiftCalculator;
				PRODUCT_NAME = "$(TARGET_NAME)";
				SWIFT_VERSION = 3.0;
			};
			name = Release;
		};
/* End XCBuildConfiguration section */

/* Begin XCConfigurationList section */
		15C05A291E48843D00E8B5B0 /* Build configuration list for PBXProject "SwiftCalculator" */ = {
			isa = XCConfigurationList;
			buildConfigurations = (
				15C05A3E1E48843D00E8B5B0 /* Debug */,
				15C05A3F1E48843D00E8B5B0 /* Release */,
			);
			defaultConfigurationIsVisible = 0;
			defaultConfigurationName = Release;
		};
		15C05A401E48843D00E8B5B0 /* Build configuration list for PBXNativeTarget "SwiftCalculator" */ = {
			isa = XCConfigurationList;
			buildConfigurations = (
				15C05A411E48843D00E8B5B0 /* Debug */,
				15C05A421E48843D00E8B5B0 /* Release */,
			);
			defaultConfigurationIsVisible = 0;
		};
/* End XCConfigurationList section */
	};
	rootObject = 15C05A261E48843D00E8B5B0 /* Project object */;
}
